
Microsoft Visual Studio Solution File, Format Version 12.00
# Visual Studio Version 17
VisualStudioVersion = 17.7.34031.279
MinimumVisualStudioVersion = 10.0.40219.1
Project("{FAE04EC0-301F-11D3-BF4B-00C04F79EFBC}") = "Api", "Api.csproj", "{7B42C76C-CD23-47E2-843E-468F19C0D42D}"
EndProject
Global
	GlobalSection(SolutionConfigurationPlatforms) = preSolution
		Debug|Any CPU = Debug|Any CPU
		Release|Any CPU = Release|Any CPU
	EndGlobalSection
	GlobalSection(ProjectConfigurationPlatforms) = postSolution
		{7B42C76C-CD23-47E2-843E-468F19C0D42D}.Debug|Any CPU.ActiveCfg = Debug|Any CPU
		{7B42C76C-CD23-47E2-843E-468F19C0D42D}.Debug|Any CPU.Build.0 = Debug|Any CPU
		{7B42C76C-CD23-47E2-843E-468F19C0D42D}.Release|Any CPU.ActiveCfg = Release|Any CPU
		{7B42C76C-CD23-47E2-843E-468F19C0D42D}.Release|Any CPU.Build.0 = Release|Any CPU
	EndGlobalSection
	GlobalSection(SolutionProperties) = preSolution
		HideSolutionNode = FALSE
	EndGlobalSection
	GlobalSection(ExtensibilityGlobals) = postSolution
		SolutionGuid = {A046BE2A-95D9-470F-8859-241E28D5ACBD}
	EndGlobalSection
EndGlobal
